{
  "version": "5",
  "specifiers": {
    "jsr:@std/assert@^1.0.18": "1.0.19",
    "jsr:@std/internal@^1.0.12": "1.0.14",
    "npm:parse5@8.0.0": "8.0.0"
  },
  "jsr": {
    "@std/assert@1.0.19": {
      "integrity": "eaada96ee120cb980bc47e040f82814d786fe8162ecc53c91d8df60b8755991e",
      "dependencies": [
        "jsr:@std/internal"
      ]
    },
    "@std/internal@1.0.14": {
      "integrity": "291516b3d4c35024d6ffbc0a9df5bf4c64116e05b50012cf846710152d2ffdf7"
    }
  },
  "npm": {
    "entities@6.0.1": {
      "integrity": "sha512-aN97NXWF6AWBTahfVOIrB/NShkzi5H7F9r1s9mD3cDj4Ko5f2qhhVoYMibXF7GlLveb/D2ioWay8lxI97Ven3g=="
    },
    "parse5@8.0.0": {
      "integrity": "sha512-9m4m5GSgXjL4AjumKzq1Fgfp3Z8rsvjRNbnkVwfu2ImRqE5D0LnY2QfDen18FSY9C573YU5XxSapdHZTZ2WolA==",
      "dependencies": [
        "entities"
      ]
    }
  },
  "workspace": {
    "dependencies": [
      "jsr:@std/assert@^1.0.18",
      "npm:parse5@8.0.0"
    ]
  }
}
